// !$*UTF8*$!
{
	archiveVersion = 1;
	classes = {
	};
	objectVersion = 56;
	objects = {

/* Begin PBXBuildFile section */
		2C75C1AF293CAFB600DAB62A /* StateManager.swift in Sources */ = {isa = PBXBuildFile; fileRef = 2C75C1AE293CAFB600DAB62A /* StateManager.swift */; };
		2C9E4A792933961D00EF8D09 /* CoreDataManager.swift in Sources */ = {isa = PBXBuildFile; fileRef = 2C9E4A782933961D00EF8D09 /* CoreDataManager.swift */; };
		2CCF83F1292782ED00678188 /* StartView.swift in Sources */ = {isa = PBXBuildFile; fileRef = 2CCF83F0292782ED00678188 /* StartView.swift */; };
		2CCF83F3292795F600678188 /* CustomView.swift in Sources */ = {isa = PBXBuildFile; fileRef = 2CCF83F2292795F600678188 /* CustomView.swift */; };
		2CCF83F6292BC2BB00678188 /* CustomDataModel.xcdatamodeld in Sources */ = {isa = PBXBuildFile; fileRef = 2CCF83F4292BC2BA00678188 /* CustomDataModel.xcdatamodeld */; };
		2CCF83F8292BC3E000678188 /* DataController.swift in Sources */ = {isa = PBXBuildFile; fileRef = 2CCF83F7292BC3E000678188 /* DataController.swift */; };
		2CCF83FA292BC66600678188 /* ResultView.swift in Sources */ = {isa = PBXBuildFile; fileRef = 2CCF83F9292BC66600678188 /* ResultView.swift */; };
		34746F6F29254B4100B26909 /* TBD_AppApp.swift in Sources */ = {isa = PBXBuildFile; fileRef = 34746F6E29254B4100B26909 /* TBD_AppApp.swift */; };
		34746F7129254B4100B26909 /* ContentView.swift in Sources */ = {isa = PBXBuildFile; fileRef = 34746F7029254B4100B26909 /* ContentView.swift */; };
		34746F7329254B4200B26909 /* Assets.xcassets in Resources */ = {isa = PBXBuildFile; fileRef = 34746F7229254B4200B26909 /* Assets.xcassets */; };
		34746F7629254B4200B26909 /* Preview Assets.xcassets in Resources */ = {isa = PBXBuildFile; fileRef = 34746F7529254B4200B26909 /* Preview Assets.xcassets */; };
		34746F7829254B4200B26909 /* Persistence.swift in Sources */ = {isa = PBXBuildFile; fileRef = 34746F7729254B4200B26909 /* Persistence.swift */; };
		34746F7B29254B4200B26909 /* TBD_App.xcdatamodeld in Sources */ = {isa = PBXBuildFile; fileRef = 34746F7929254B4200B26909 /* TBD_App.xcdatamodeld */; };
		34746F8529254B4200B26909 /* TBD_AppTests.swift in Sources */ = {isa = PBXBuildFile; fileRef = 34746F8429254B4200B26909 /* TBD_AppTests.swift */; };
		34746F8F29254B4200B26909 /* TBD_AppUITests.swift in Sources */ = {isa = PBXBuildFile; fileRef = 34746F8E29254B4200B26909 /* TBD_AppUITests.swift */; };
		34746F9129254B4200B26909 /* TBD_AppUITestsLaunchTests.swift in Sources */ = {isa = PBXBuildFile; fileRef = 34746F9029254B4200B26909 /* TBD_AppUITestsLaunchTests.swift */; };
		34DADB5E292BF86600B89B1D /* DetailView.swift in Sources */ = {isa = PBXBuildFile; fileRef = 34DADB5D292BF86600B89B1D /* DetailView.swift */; };
		34DADB60292BF9C400B89B1D /* OverView.swift in Sources */ = {isa = PBXBuildFile; fileRef = 34DADB5F292BF9C400B89B1D /* OverView.swift */; };
/* End PBXBuildFile section */

/* Begin PBXContainerItemProxy section */
		34746F8129254B4200B26909 /* PBXContainerItemProxy */ = {
			isa = PBXContainerItemProxy;
			containerPortal = 34746F6329254B4100B26909 /* Project object */;
			proxyType = 1;
			remoteGlobalIDString = 34746F6A29254B4100B26909;
			remoteInfo = TBD_App;
		};
		34746F8B29254B4200B26909 /* PBXContainerItemProxy */ = {
			isa = PBXContainerItemProxy;
			containerPortal = 34746F6329254B4100B26909 /* Project object */;
			proxyType = 1;
			remoteGlobalIDString = 34746F6A29254B4100B26909;
			remoteInfo = TBD_App;
		};
/* End PBXContainerItemProxy section */

/* Begin PBXFileReference section */
		2C75C1AE293CAFB600DAB62A /* StateManager.swift */ = {isa = PBXFileReference; lastKnownFileType = sourcecode.swift; path = StateManager.swift; sourceTree = "<group>"; };
		2C9E4A782933961D00EF8D09 /* CoreDataManager.swift */ = {isa = PBXFileReference; lastKnownFileType = sourcecode.swift; path = CoreDataManager.swift; sourceTree = "<group>"; };
		2CCF83F0292782ED00678188 /* StartView.swift */ = {isa = PBXFileReference; lastKnownFileType = sourcecode.swift; path = StartView.swift; sourceTree = "<group>"; tabWidth = 4; };
		2CCF83F2292795F600678188 /* CustomView.swift */ = {isa = PBXFileReference; lastKnownFileType = sourcecode.swift; path = CustomView.swift; sourceTree = "<group>"; };
		2CCF83F5292BC2BA00678188 /* CustomDataModel.xcdatamodel */ = {isa = PBXFileReference; lastKnownFileType = wrapper.xcdatamodel; path = CustomDataModel.xcdatamodel; sourceTree = "<group>"; };
		2CCF83F7292BC3E000678188 /* DataController.swift */ = {isa = PBXFileReference; lastKnownFileType = sourcecode.swift; path = DataController.swift; sourceTree = "<group>"; };
		2CCF83F9292BC66600678188 /* ResultView.swift */ = {isa = PBXFileReference; lastKnownFileType = sourcecode.swift; path = ResultView.swift; sourceTree = "<group>"; };
		34746F6B29254B4100B26909 /* TBD_App.app */ = {isa = PBXFileReference; explicitFileType = wrapper.application; includeInIndex = 0; path = TBD_App.app; sourceTree = BUILT_PRODUCTS_DIR; };
		34746F6E29254B4100B26909 /* TBD_AppApp.swift */ = {isa = PBXFileReference; lastKnownFileType = sourcecode.swift; path = TBD_AppApp.swift; sourceTree = "<group>"; };
		34746F7029254B4100B26909 /* ContentView.swift */ = {isa = PBXFileReference; lastKnownFileType = sourcecode.swift; path = ContentView.swift; sourceTree = "<group>"; };
		34746F7229254B4200B26909 /* Assets.xcassets */ = {isa = PBXFileReference; lastKnownFileType = folder.assetcatalog; path = Assets.xcassets; sourceTree = "<group>"; };
		34746F7529254B4200B26909 /* Preview Assets.xcassets */ = {isa = PBXFileReference; lastKnownFileType = folder.assetcatalog; path = "Preview Assets.xcassets"; sourceTree = "<group>"; };
		34746F7729254B4200B26909 /* Persistence.swift */ = {isa = PBXFileReference; lastKnownFileType = sourcecode.swift; path = Persistence.swift; sourceTree = "<group>"; };
		34746F7A29254B4200B26909 /* TBD_App.xcdatamodel */ = {isa = PBXFileReference; lastKnownFileType = wrapper.xcdatamodel; path = TBD_App.xcdatamodel; sourceTree = "<group>"; };
		34746F8029254B4200B26909 /* TBD_AppTests.xctest */ = {isa = PBXFileReference; explicitFileType = wrapper.cfbundle; includeInIndex = 0; path = TBD_AppTests.xctest; sourceTree = BUILT_PRODUCTS_DIR; };
		34746F8429254B4200B26909 /* TBD_AppTests.swift */ = {isa = PBXFileReference; lastKnownFileType = sourcecode.swift; path = TBD_AppTests.swift; sourceTree = "<group>"; };
		34746F8A29254B4200B26909 /* TBD_AppUITests.xctest */ = {isa = PBXFileReference; explicitFileType = wrapper.cfbundle; includeInIndex = 0; path = TBD_AppUITests.xctest; sourceTree = BUILT_PRODUCTS_DIR; };
		34746F8E29254B4200B26909 /* TBD_AppUITests.swift */ = {isa = PBXFileReference; lastKnownFileType = sourcecode.swift; path = TBD_AppUITests.swift; sourceTree = "<group>"; };
		34746F9029254B4200B26909 /* TBD_AppUITestsLaunchTests.swift */ = {isa = PBXFileReference; lastKnownFileType = sourcecode.swift; path = TBD_AppUITestsLaunchTests.swift; sourceTree = "<group>"; };
		34DADB5D292BF86600B89B1D /* DetailView.swift */ = {isa = PBXFileReference; lastKnownFileType = sourcecode.swift; path = DetailView.swift; sourceTree = "<group>"; };
		34DADB5F292BF9C400B89B1D /* OverView.swift */ = {isa = PBXFileReference; lastKnownFileType = sourcecode.swift; path = OverView.swift; sourceTree = "<group>"; };
/* End PBXFileReference section */

/* Begin PBXFrameworksBuildPhase section */
		34746F6829254B4100B26909 /* Frameworks */ = {
			isa = PBXFrameworksBuildPhase;
			buildActionMask = 2147483647;
			files = (
			);
			runOnlyForDeploymentPostprocessing = 0;
		};
		34746F7D29254B4200B26909 /* Frameworks */ = {
			isa = PBXFrameworksBuildPhase;
			buildActionMask = 2147483647;
			files = (
			);
			runOnlyForDeploymentPostprocessing = 0;
		};
		34746F8729254B4200B26909 /* Frameworks */ = {
			isa = PBXFrameworksBuildPhase;
			buildActionMask = 2147483647;
			files = (
			);
			runOnlyForDeploymentPostprocessing = 0;
		};
/* End PBXFrameworksBuildPhase section */

/* Begin PBXGroup section */
		34746F6229254B4100B26909 = {
			isa = PBXGroup;
			children = (
				34746F6D29254B4100B26909 /* TBD_App */,
				34746F8329254B4200B26909 /* TBD_AppTests */,
				34746F8D29254B4200B26909 /* TBD_AppUITests */,
				34746F6C29254B4100B26909 /* Products */,
			);
			sourceTree = "<group>";
		};
		34746F6C29254B4100B26909 /* Products */ = {
			isa = PBXGroup;
			children = (
				34746F6B29254B4100B26909 /* TBD_App.app */,
				34746F8029254B4200B26909 /* TBD_AppTests.xctest */,
				34746F8A29254B4200B26909 /* TBD_AppUITests.xctest */,
			);
			name = Products;
			sourceTree = "<group>";
		};
		34746F6D29254B4100B26909 /* TBD_App */ = {
			isa = PBXGroup;
			children = (
				34746F6E29254B4100B26909 /* TBD_AppApp.swift */,
				2CCF83F7292BC3E000678188 /* DataController.swift */,
				34DADB5D292BF86600B89B1D /* DetailView.swift */,
				34746F7029254B4100B26909 /* ContentView.swift */,
				34746F7229254B4200B26909 /* Assets.xcassets */,
				34746F7729254B4200B26909 /* Persistence.swift */,
				34746F7929254B4200B26909 /* TBD_App.xcdatamodeld */,
				34746F7429254B4200B26909 /* Preview Content */,
				2CCF83F0292782ED00678188 /* StartView.swift */,
				2CCF83F2292795F600678188 /* CustomView.swift */,
				2CCF83F4292BC2BA00678188 /* CustomDataModel.xcdatamodeld */,
				2CCF83F9292BC66600678188 /* ResultView.swift */,
				34DADB5F292BF9C400B89B1D /* OverView.swift */,
				2C9E4A782933961D00EF8D09 /* CoreDataManager.swift */,
				2C75C1AE293CAFB600DAB62A /* StateManager.swift */,
			);
			path = TBD_App;
			sourceTree = "<group>";
		};
		34746F7429254B4200B26909 /* Preview Content */ = {
			isa = PBXGroup;
			children = (
				34746F7529254B4200B26909 /* Preview Assets.xcassets */,
			);
			path = "Preview Content";
			sourceTree = "<group>";
		};
		34746F8329254B4200B26909 /* TBD_AppTests */ = {
			isa = PBXGroup;
			children = (
				34746F8429254B4200B26909 /* TBD_AppTests.swift */,
			);
			path = TBD_AppTests;
			sourceTree = "<group>";
		};
		34746F8D29254B4200B26909 /* TBD_AppUITests */ = {
			isa = PBXGroup;
			children = (
				34746F8E29254B4200B26909 /* TBD_AppUITests.swift */,
				34746F9029254B4200B26909 /* TBD_AppUITestsLaunchTests.swift */,
			);
			path = TBD_AppUITests;
			sourceTree = "<group>";
		};
/* End PBXGroup section */

/* Begin PBXNativeTarget section */
		34746F6A29254B4100B26909 /* TBD_App */ = {
			isa = PBXNativeTarget;
			buildConfigurationList = 34746F9429254B4200B26909 /* Build configuration list for PBXNativeTarget "TBD_App" */;
			buildPhases = (
				34746F6729254B4100B26909 /* Sources */,
				34746F6829254B4100B26909 /* Frameworks */,
				34746F6929254B4100B26909 /* Resources */,
			);
			buildRules = (
			);
			dependencies = (
			);
			name = TBD_App;
			productName = TBD_App;
			productReference = 34746F6B29254B4100B26909 /* TBD_App.app */;
			productType = "com.apple.product-type.application";
		};
		34746F7F29254B4200B26909 /* TBD_AppTests */ = {
			isa = PBXNativeTarget;
			buildConfigurationList = 34746F9729254B4200B26909 /* Build configuration list for PBXNativeTarget "TBD_AppTests" */;
			buildPhases = (
				34746F7C29254B4200B26909 /* Sources */,
				34746F7D29254B4200B26909 /* Frameworks */,
				34746F7E29254B4200B26909 /* Resources */,
			);
			buildRules = (
			);
			dependencies = (
				34746F8229254B4200B26909 /* PBXTargetDependency */,
			);
			name = TBD_AppTests;
			productName = TBD_AppTests;
			productReference = 34746F8029254B4200B26909 /* TBD_AppTests.xctest */;
			productType = "com.apple.product-type.bundle.unit-test";
		};
		34746F8929254B4200B26909 /* TBD_AppUITests */ = {
			isa = PBXNativeTarget;
			buildConfigurationList = 34746F9A29254B4200B26909 /* Build configuration list for PBXNativeTarget "TBD_AppUITests" */;
			buildPhases = (
				34746F8629254B4200B26909 /* Sources */,
				34746F8729254B4200B26909 /* Frameworks */,
				34746F8829254B4200B26909 /* Resources */,
			);
			buildRules = (
			);
			dependencies = (
				34746F8C29254B4200B26909 /* PBXTargetDependency */,
			);
			name = TBD_AppUITests;
			productName = TBD_AppUITests;
			productReference = 34746F8A29254B4200B26909 /* TBD_AppUITests.xctest */;
			productType = "com.apple.product-type.bundle.ui-testing";
		};
/* End PBXNativeTarget section */

/* Begin PBXProject section */
		34746F6329254B4100B26909 /* Project object */ = {
			isa = PBXProject;
			attributes = {
				BuildIndependentTargetsInParallel = 1;
				LastSwiftUpdateCheck = 1410;
				LastUpgradeCheck = 1410;
				TargetAttributes = {
					34746F6A29254B4100B26909 = {
						CreatedOnToolsVersion = 14.1;
					};
					34746F7F29254B4200B26909 = {
						CreatedOnToolsVersion = 14.1;
						TestTargetID = 34746F6A29254B4100B26909;
					};
					34746F8929254B4200B26909 = {
						CreatedOnToolsVersion = 14.1;
						TestTargetID = 34746F6A29254B4100B26909;
					};
				};
			};
			buildConfigurationList = 34746F6629254B4100B26909 /* Build configuration list for PBXProject "TBD_App" */;
			compatibilityVersion = "Xcode 14.0";
			developmentRegion = en;
			hasScannedForEncodings = 0;
			knownRegions = (
				en,
				Base,
			);
			mainGroup = 34746F6229254B4100B26909;
			productRefGroup = 34746F6C29254B4100B26909 /* Products */;
			projectDirPath = "";
			projectRoot = "";
			targets = (
				34746F6A29254B4100B26909 /* TBD_App */,
				34746F7F29254B4200B26909 /* TBD_AppTests */,
				34746F8929254B4200B26909 /* TBD_AppUITests */,
			);
		};
/* End PBXProject section */

/* Begin PBXResourcesBuildPhase section */
		34746F6929254B4100B26909 /* Resources */ = {
			isa = PBXResourcesBuildPhase;
			buildActionMask = 2147483647;
			files = (
				34746F7629254B4200B26909 /* Preview Assets.xcassets in Resources */,
				34746F7329254B4200B26909 /* Assets.xcassets in Resources */,
			);
			runOnlyForDeploymentPostprocessing = 0;
		};
		34746F7E29254B4200B26909 /* Resources */ = {
			isa = PBXResourcesBuildPhase;
			buildActionMask = 2147483647;
			files = (
			);
			runOnlyForDeploymentPostprocessing = 0;
		};
		34746F8829254B4200B26909 /* Resources */ = {
			isa = PBXResourcesBuildPhase;
			buildActionMask = 2147483647;
			files = (
			);
			runOnlyForDeploymentPostprocessing = 0;
		};
/* End PBXResourcesBuildPhase section */

/* Begin PBXSourcesBuildPhase section */
		34746F6729254B4100B26909 /* Sources */ = {
			isa = PBXSourcesBuildPhase;
			buildActionMask = 2147483647;
			files = (
				34746F7829254B4200B26909 /* Persistence.swift in Sources */,
				2CCF83F1292782ED00678188 /* StartView.swift in Sources */,
				2CCF83FA292BC66600678188 /* ResultView.swift in Sources */,
				34DADB5E292BF86600B89B1D /* DetailView.swift in Sources */,
				2CCF83F6292BC2BB00678188 /* CustomDataModel.xcdatamodeld in Sources */,
				2C75C1AF293CAFB600DAB62A /* StateManager.swift in Sources */,
				34746F7129254B4100B26909 /* ContentView.swift in Sources */,
				2C9E4A792933961D00EF8D09 /* CoreDataManager.swift in Sources */,
				2CCF83F3292795F600678188 /* CustomView.swift in Sources */,
				2CCF83F8292BC3E000678188 /* DataController.swift in Sources */,
				34746F7B29254B4200B26909 /* TBD_App.xcdatamodeld in Sources */,
				34DADB60292BF9C400B89B1D /* OverView.swift in Sources */,
				34746F6F29254B4100B26909 /* TBD_AppApp.swift in Sources */,
			);
			runOnlyForDeploymentPostprocessing = 0;
		};
		34746F7C29254B4200B26909 /* Sources */ = {
			isa = PBXSourcesBuildPhase;
			buildActionMask = 2147483647;
			files = (
				34746F8529254B4200B26909 /* TBD_AppTests.swift in Sources */,
			);
			runOnlyForDeploymentPostprocessing = 0;
		};
		34746F8629254B4200B26909 /* Sources */ = {
			isa = PBXSourcesBuildPhase;
			buildActionMask = 2147483647;
			files = (
				34746F8F29254B4200B26909 /* TBD_AppUITests.swift in Sources */,
				34746F9129254B4200B26909 /* TBD_AppUITestsLaunchTests.swift in Sources */,
			);
			runOnlyForDeploymentPostprocessing = 0;
		};
/* End PBXSourcesBuildPhase section */

/* Begin PBXTargetDependency section */
		34746F8229254B4200B26909 /* PBXTargetDependency */ = {
			isa = PBXTargetDependency;
			target = 34746F6A29254B4100B26909 /* TBD_App */;
			targetProxy = 34746F8129254B4200B26909 /* PBXContainerItemProxy */;
		};
		34746F8C29254B4200B26909 /* PBXTargetDependency */ = {
			isa = PBXTargetDependency;
			target = 34746F6A29254B4100B26909 /* TBD_App */;
			targetProxy = 34746F8B29254B4200B26909 /* PBXContainerItemProxy */;
		};
/* End PBXTargetDependency section */

/* Begin XCBuildConfiguration section */
		34746F9229254B4200B26909 /* Debug */ = {
			isa = XCBuildConfiguration;
			buildSettings = {
				ALWAYS_SEARCH_USER_PATHS = NO;
				CLANG_ANALYZER_NONNULL = YES;
				CLANG_ANALYZER_NUMBER_OBJECT_CONVERSION = YES_AGGRESSIVE;
				CLANG_CXX_LANGUAGE_STANDARD = "gnu++20";
				CLANG_ENABLE_MODULES = YES;
				CLANG_ENABLE_OBJC_ARC = YES;
				CLANG_ENABLE_OBJC_WEAK = YES;
				CLANG_WARN_BLOCK_CAPTURE_AUTORELEASING = YES;
				CLANG_WARN_BOOL_CONVERSION = YES;
				CLANG_WARN_COMMA = YES;
				CLANG_WARN_CONSTANT_CONVERSION = YES;
				CLANG_WARN_DEPRECATED_OBJC_IMPLEMENTATIONS = YES;
				CLANG_WARN_DIRECT_OBJC_ISA_USAGE = YES_ERROR;
				CLANG_WARN_DOCUMENTATION_COMMENTS = YES;
				CLANG_WARN_EMPTY_BODY = YES;
				CLANG_WARN_ENUM_CONVERSION = YES;
				CLANG_WARN_INFINITE_RECURSION = YES;
				CLANG_WARN_INT_CONVERSION = YES;
				CLANG_WARN_NON_LITERAL_NULL_CONVERSION = YES;
				CLANG_WARN_OBJC_IMPLICIT_RETAIN_SELF = YES;
				CLANG_WARN_OBJC_LITERAL_CONVERSION = YES;
				CLANG_WARN_OBJC_ROOT_CLASS = YES_ERROR;
				CLANG_WARN_QUOTED_INCLUDE_IN_FRAMEWORK_HEADER = YES;
				CLANG_WARN_RANGE_LOOP_ANALYSIS = YES;
				CLANG_WARN_STRICT_PROTOTYPES = YES;
				CLANG_WARN_SUSPICIOUS_MOVE = YES;
				CLANG_WARN_UNGUARDED_AVAILABILITY = YES_AGGRESSIVE;
				CLANG_WARN_UNREACHABLE_CODE = YES;
				CLANG_WARN__DUPLICATE_METHOD_MATCH = YES;
				COPY_PHASE_STRIP = NO;
				DEBUG_INFORMATION_FORMAT = dwarf;
				ENABLE_STRICT_OBJC_MSGSEND = YES;
				ENABLE_TESTABILITY = YES;
				GCC_C_LANGUAGE_STANDARD = gnu11;
				GCC_DYNAMIC_NO_PIC = NO;
				GCC_NO_COMMON_BLOCKS = YES;
				GCC_OPTIMIZATION_LEVEL = 0;
				GCC_PREPROCESSOR_DEFINITIONS = (
					"DEBUG=1",
					"$(inherited)",
				);
				GCC_WARN_64_TO_32_BIT_CONVERSION = YES;
				GCC_WARN_ABOUT_RETURN_TYPE = YES_ERROR;
				GCC_WARN_UNDECLARED_SELECTOR = YES;
				GCC_WARN_UNINITIALIZED_AUTOS = YES_AGGRESSIVE;
				GCC_WARN_UNUSED_FUNCTION = YES;
				GCC_WARN_UNUSED_VARIABLE = YES;
				IPHONEOS_DEPLOYMENT_TARGET = 16.1;
				MTL_ENABLE_DEBUG_INFO = INCLUDE_SOURCE;
				MTL_FAST_MATH = YES;
				ONLY_ACTIVE_ARCH = YES;
				SDKROOT = iphoneos;
				SWIFT_ACTIVE_COMPILATION_CONDITIONS = DEBUG;
				SWIFT_OPTIMIZATION_LEVEL = "-Onone";
			};
			name = Debug;
		};
		34746F9329254B4200B26909 /* Release */ = {
			isa = XCBuildConfiguration;
			buildSettings = {
				ALWAYS_SEARCH_USER_PATHS = NO;
				CLANG_ANALYZER_NONNULL = YES;
				CLANG_ANALYZER_NUMBER_OBJECT_CONVERSION = YES_AGGRESSIVE;
				CLANG_CXX_LANGUAGE_STANDARD = "gnu++20";
				CLANG_ENABLE_MODULES = YES;
				CLANG_ENABLE_OBJC_ARC = YES;
				CLANG_ENABLE_OBJC_WEAK = YES;
				CLANG_WARN_BLOCK_CAPTURE_AUTORELEASING = YES;
				CLANG_WARN_BOOL_CONVERSION = YES;
				CLANG_WARN_COMMA = YES;
				CLANG_WARN_CONSTANT_CONVERSION = YES;
				CLANG_WARN_DEPRECATED_OBJC_IMPLEMENTATIONS = YES;
				CLANG_WARN_DIRECT_OBJC_ISA_USAGE = YES_ERROR;
				CLANG_WARN_DOCUMENTATION_COMMENTS = YES;
				CLANG_WARN_EMPTY_BODY = YES;
				CLANG_WARN_ENUM_CONVERSION = YES;
				CLANG_WARN_INFINITE_RECURSION = YES;
				CLANG_WARN_INT_CONVERSION = YES;
				CLANG_WARN_NON_LITERAL_NULL_CONVERSION = YES;
				CLANG_WARN_OBJC_IMPLICIT_RETAIN_SELF = YES;
				CLANG_WARN_OBJC_LITERAL_CONVERSION = YES;
				CLANG_WARN_OBJC_ROOT_CLASS = YES_ERROR;
				CLANG_WARN_QUOTED_INCLUDE_IN_FRAMEWORK_HEADER = YES;
				CLANG_WARN_RANGE_LOOP_ANALYSIS = YES;
				CLANG_WARN_STRICT_PROTOTYPES = YES;
				CLANG_WARN_SUSPICIOUS_MOVE = YES;
				CLANG_WARN_UNGUARDED_AVAILABILITY = YES_AGGRESSIVE;
				CLANG_WARN_UNREACHABLE_CODE = YES;
				CLANG_WARN__DUPLICATE_METHOD_MATCH = YES;
				COPY_PHASE_STRIP = NO;
				DEBUG_INFORMATION_FORMAT = "dwarf-with-dsym";
				ENABLE_NS_ASSERTIONS = NO;
				ENABLE_STRICT_OBJC_MSGSEND = YES;
				GCC_C_LANGUAGE_STANDARD = gnu11;
				GCC_NO_COMMON_BLOCKS = YES;
				GCC_WARN_64_TO_32_BIT_CONVERSION = YES;
				GCC_WARN_ABOUT_RETURN_TYPE = YES_ERROR;
				GCC_WARN_UNDECLARED_SELECTOR = YES;
				GCC_WARN_UNINITIALIZED_AUTOS = YES_AGGRESSIVE;
				GCC_WARN_UNUSED_FUNCTION = YES;
				GCC_WARN_UNUSED_VARIABLE = YES;
				IPHONEOS_DEPLOYMENT_TARGET = 16.1;
				MTL_ENABLE_DEBUG_INFO = NO;
				MTL_FAST_MATH = YES;
				SDKROOT = iphoneos;
				SWIFT_COMPILATION_MODE = wholemodule;
				SWIFT_OPTIMIZATION_LEVEL = "-O";
				VALIDATE_PRODUCT = YES;
			};
			name = Release;
		};
		34746F9529254B4200B26909 /* Debug */ = {
			isa = XCBuildConfiguration;
			buildSettings = {
				ASSETCATALOG_COMPILER_APPICON_NAME = AppIcon;
				ASSETCATALOG_COMPILER_GLOBAL_ACCENT_COLOR_NAME = AccentColor;
				CODE_SIGN_STYLE = Automatic;
				CURRENT_PROJECT_VERSION = 1;
				DEVELOPMENT_ASSET_PATHS = "\"TBD_App/Preview Content\"";
				DEVELOPMENT_TEAM = FK24SRGVBD;
				ENABLE_PREVIEWS = YES;
				GENERATE_INFOPLIST_FILE = YES;
				INFOPLIST_KEY_UIApplicationSceneManifest_Generation = YES;
				INFOPLIST_KEY_UIApplicationSupportsIndirectInputEvents = YES;
				INFOPLIST_KEY_UILaunchScreen_Generation = YES;
				INFOPLIST_KEY_UISupportedInterfaceOrientations_iPad = "UIInterfaceOrientationPortrait UIInterfaceOrientationPortraitUpsideDown UIInterfaceOrientationLandscapeLeft UIInterfaceOrientationLandscapeRight";
				INFOPLIST_KEY_UISupportedInterfaceOrientations_iPhone = "UIInterfaceOrientationPortrait UIInterfaceOrientationLandscapeLeft UIInterfaceOrientationLandscapeRight";
				LD_RUNPATH_SEARCH_PATHS = (
					"$(inherited)",
					"@executable_path/Frameworks",
				);
				MARKETING_VERSION = 1.0;
				PRODUCT_BUNDLE_IDENTIFIER = "ch.hslu.ios.TBD-App";
				PRODUCT_NAME = "$(TARGET_NAME)";
				SWIFT_EMIT_LOC_STRINGS = YES;
				SWIFT_VERSION = 5.0;
				TARGETED_DEVICE_FAMILY = "1,2";
			};
			name = Debug;
		};
		34746F9629254B4200B26909 /* Release */ = {
			isa = XCBuildConfiguration;
			buildSettings = {
				ASSETCATALOG_COMPILER_APPICON_NAME = AppIcon;
				ASSETCATALOG_COMPILER_GLOBAL_ACCENT_COLOR_NAME = AccentColor;
				CODE_SIGN_STYLE = Automatic;
				CURRENT_PROJECT_VERSION = 1;
				DEVELOPMENT_ASSET_PATHS = "\"TBD_App/Preview Content\"";
				DEVELOPMENT_TEAM = FK24SRGVBD;
				ENABLE_PREVIEWS = YES;
				GENERATE_INFOPLIST_FILE = YES;
				INFOPLIST_KEY_UIApplicationSceneManifest_Generation = YES;
				INFOPLIST_KEY_UIApplicationSupportsIndirectInputEvents = YES;
				INFOPLIST_KEY_UILaunchScreen_Generation = YES;
				INFOPLIST_KEY_UISupportedInterfaceOrientations_iPad = "UIInterfaceOrientationPortrait UIInterfaceOrientationPortraitUpsideDown UIInterfaceOrientationLandscapeLeft UIInterfaceOrientationLandscapeRight";
				INFOPLIST_KEY_UISupportedInterfaceOrientations_iPhone = "UIInterfaceOrientationPortrait UIInterfaceOrientationLandscapeLeft UIInterfaceOrientationLandscapeRight";
				LD_RUNPATH_SEARCH_PATHS = (
					"$(inherited)",
					"@executable_path/Frameworks",
				);
				MARKETING_VERSION = 1.0;
				PRODUCT_BUNDLE_IDENTIFIER = "ch.hslu.ios.TBD-App";
				PRODUCT_NAME = "$(TARGET_NAME)";
				SWIFT_EMIT_LOC_STRINGS = YES;
				SWIFT_VERSION = 5.0;
				TARGETED_DEVICE_FAMILY = "1,2";
			};
			name = Release;
		};
		34746F9829254B4200B26909 /* Debug */ = {
			isa = XCBuildConfiguration;
			buildSettings = {
				ALWAYS_EMBED_SWIFT_STANDARD_LIBRARIES = YES;
				BUNDLE_LOADER = "$(TEST_HOST)";
				CODE_SIGN_STYLE = Automatic;
				CURRENT_PROJECT_VERSION = 1;
				DEVELOPMENT_TEAM = FK24SRGVBD;
				GENERATE_INFOPLIST_FILE = YES;
				IPHONEOS_DEPLOYMENT_TARGET = 16.1;
				MARKETING_VERSION = 1.0;
				PRODUCT_BUNDLE_IDENTIFIER = "ch.hslu.ios.TBD-AppTests";
				PRODUCT_NAME = "$(TARGET_NAME)";
				SWIFT_EMIT_LOC_STRINGS = NO;
				SWIFT_VERSION = 5.0;
				TARGETED_DEVICE_FAMILY = "1,2";
				TEST_HOST = "$(BUILT_PRODUCTS_DIR)/TBD_App.app/$(BUNDLE_EXECUTABLE_FOLDER_PATH)/TBD_App";
			};
			name = Debug;
		};
		34746F9929254B4200B26909 /* Release */ = {
			isa = XCBuildConfiguration;
			buildSettings = {
				ALWAYS_EMBED_SWIFT_STANDARD_LIBRARIES = YES;
				BUNDLE_LOADER = "$(TEST_HOST)";
				CODE_SIGN_STYLE = Automatic;
				CURRENT_PROJECT_VERSION = 1;
				DEVELOPMENT_TEAM = FK24SRGVBD;
				GENERATE_INFOPLIST_FILE = YES;
				IPHONEOS_DEPLOYMENT_TARGET = 16.1;
				MARKETING_VERSION = 1.0;
				PRODUCT_BUNDLE_IDENTIFIER = "ch.hslu.ios.TBD-AppTests";
				PRODUCT_NAME = "$(TARGET_NAME)";
				SWIFT_EMIT_LOC_STRINGS = NO;
				SWIFT_VERSION = 5.0;
				TARGETED_DEVICE_FAMILY = "1,2";
				TEST_HOST = "$(BUILT_PRODUCTS_DIR)/TBD_App.app/$(BUNDLE_EXECUTABLE_FOLDER_PATH)/TBD_App";
			};
			name = Release;
		};
		34746F9B29254B4200B26909 /* Debug */ = {
			isa = XCBuildConfiguration;
			buildSettings = {
				ALWAYS_EMBED_SWIFT_STANDARD_LIBRARIES = YES;
				CODE_SIGN_STYLE = Automatic;
				CURRENT_PROJECT_VERSION = 1;
				DEVELOPMENT_TEAM = FK24SRGVBD;
				GENERATE_INFOPLIST_FILE = YES;
				MARKETING_VERSION = 1.0;
				PRODUCT_BUNDLE_IDENTIFIER = "ch.hslu.ios.TBD-AppUITests";
				PRODUCT_NAME = "$(TARGET_NAME)";
				SWIFT_EMIT_LOC_STRINGS = NO;
				SWIFT_VERSION = 5.0;
				TARGETED_DEVICE_FAMILY = "1,2";
				TEST_TARGET_NAME = TBD_App;
			};
			name = Debug;
		};
		34746F9C29254B4200B26909 /* Release */ = {
			isa = XCBuildConfiguration;
			buildSettings = {
				ALWAYS_EMBED_SWIFT_STANDARD_LIBRARIES = YES;
				CODE_SIGN_STYLE = Automatic;
				CURRENT_PROJECT_VERSION = 1;
				DEVELOPMENT_TEAM = FK24SRGVBD;
				GENERATE_INFOPLIST_FILE = YES;
				MARKETING_VERSION = 1.0;
				PRODUCT_BUNDLE_IDENTIFIER = "ch.hslu.ios.TBD-AppUITests";
				PRODUCT_NAME = "$(TARGET_NAME)";
				SWIFT_EMIT_LOC_STRINGS = NO;
				SWIFT_VERSION = 5.0;
				TARGETED_DEVICE_FAMILY = "1,2";
				TEST_TARGET_NAME = TBD_App;
			};
			name = Release;
		};
/* End XCBuildConfiguration section */

/* Begin XCConfigurationList section */
		34746F6629254B4100B26909 /* Build configuration list for PBXProject "TBD_App" */ = {
			isa = XCConfigurationList;
			buildConfigurations = (
				34746F9229254B4200B26909 /* Debug */,
				34746F9329254B4200B26909 /* Release */,
			);
			defaultConfigurationIsVisible = 0;
			defaultConfigurationName = Release;
		};
		34746F9429254B4200B26909 /* Build configuration list for PBXNativeTarget "TBD_App" */ = {
			isa = XCConfigurationList;
			buildConfigurations = (
				34746F9529254B4200B26909 /* Debug */,
				34746F9629254B4200B26909 /* Release */,
			);
			defaultConfigurationIsVisible = 0;
			defaultConfigurationName = Release;
		};
		34746F9729254B4200B26909 /* Build configuration list for PBXNativeTarget "TBD_AppTests" */ = {
			isa = XCConfigurationList;
			buildConfigurations = (
				34746F9829254B4200B26909 /* Debug */,
				34746F9929254B4200B26909 /* Release */,
			);
			defaultConfigurationIsVisible = 0;
			defaultConfigurationName = Release;
		};
		34746F9A29254B4200B26909 /* Build configuration list for PBXNativeTarget "TBD_AppUITests" */ = {
			isa = XCConfigurationList;
			buildConfigurations = (
				34746F9B29254B4200B26909 /* Debug */,
				34746F9C29254B4200B26909 /* Release */,
			);
			defaultConfigurationIsVisible = 0;
			defaultConfigurationName = Release;
		};
/* End XCConfigurationList section */

/* Begin XCVersionGroup section */
		2CCF83F4292BC2BA00678188 /* CustomDataModel.xcdatamodeld */ = {
			isa = XCVersionGroup;
			children = (
				2CCF83F5292BC2BA00678188 /* CustomDataModel.xcdatamodel */,
			);
			currentVersion = 2CCF83F5292BC2BA00678188 /* CustomDataModel.xcdatamodel */;
			path = CustomDataModel.xcdatamodeld;
			sourceTree = "<group>";
			versionGroupType = wrapper.xcdatamodel;
		};
		34746F7929254B4200B26909 /* TBD_App.xcdatamodeld */ = {
			isa = XCVersionGroup;
			children = (
				34746F7A29254B4200B26909 /* TBD_App.xcdatamodel */,
			);
			currentVersion = 34746F7A29254B4200B26909 /* TBD_App.xcdatamodel */;
			path = TBD_App.xcdatamodeld;
			sourceTree = "<group>";
			versionGroupType = wrapper.xcdatamodel;
		};
/* End XCVersionGroup section */
	};
	rootObject = 34746F6329254B4100B26909 /* Project object */;
}
